{
  "requires": true,
  "lockfileVersion": 1,
  "dependencies": {
    "d-async-validate-regexp": {
      "version": "1.0.0",
      "resolved": "https://registry.npmjs.org/d-async-validate-regexp/-/d-async-validate-regexp-1.0.0.tgz",
      "integrity": "sha512-CI5WYPkXKQvSZ0uZ4B9RqJ0g4sRqQfEpZTN8WoeSp4pv/eACj7BJweREEgmyS+6bj3xDes2Pbhd4t+23cKy3qw=="
    }
  }
}
